dependencies:
- name: postgresql
  repository: https://charts.bitnami.com/bitnami
  version: 15.5.21
- name: redis
  repository: https://charts.bitnami.com/bitnami
  version: 19.6.1
- name: kafka
  repository: https://charts.bitnami.com/bitnami
  version: 29.3.5
digest: sha256:ce66bd3838595dba657e4b5e7be201e841febdc78b65b0d35713a072535f29b0
generated: "2026-05-19T16:24:39.185731837+07:00"
