dependencies:
- name: kube-prometheus-stack
  repository: https://prometheus-community.github.io/helm-charts
  version: 85.2.0
- name: loki
  repository: https://grafana-community.github.io/helm-charts
  version: 16.1.0
- name: tempo
  repository: https://grafana-community.github.io/helm-charts
  version: 2.1.2
- name: grafana
  repository: https://grafana-community.github.io/helm-charts
  version: 12.3.2
digest: sha256:a02eff44186864eb6f1dd1335a8281b78a39ae3e6ae8cb8b560a813cbeb9d7b6
generated: "2026-05-22T14:03:27.86082973+07:00"
